
Microsoft Visual Studio Solution File, Format Version 12.00
# Visual Studio Version 17
VisualStudioVersion = 17.14.36414.22 d17.14
MinimumVisualStudioVersion = 10.0.40219.1
Project("{FAE04EC0-301F-11D3-BF4B-00C04F79EFBC}") = "1.6", "1.6.csproj", "{BCE255A6-E820-4FAC-8B7C-E4AE822D9B96}"
EndProject
Global
	GlobalSection(SolutionConfigurationPlatforms) = preSolution
		Debug|Any CPU = Debug|Any CPU
		Release|Any CPU = Release|Any CPU
	EndGlobalSection
	GlobalSection(ProjectConfigurationPlatforms) = postSolution
		{BCE255A6-E820-4FAC-8B7C-E4AE822D9B96}.Debug|Any CPU.ActiveCfg = Debug|Any CPU
		{BCE255A6-E820-4FAC-8B7C-E4AE822D9B96}.Debug|Any CPU.Build.0 = Debug|Any CPU
		{BCE255A6-E820-4FAC-8B7C-E4AE822D9B96}.Release|Any CPU.ActiveCfg = Release|Any CPU
		{BCE255A6-E820-4FAC-8B7C-E4AE822D9B96}.Release|Any CPU.Build.0 = Release|Any CPU
	EndGlobalSection
	GlobalSection(SolutionProperties) = preSolution
		HideSolutionNode = FALSE
	EndGlobalSection
	GlobalSection(ExtensibilityGlobals) = postSolution
		SolutionGuid = {2463D848-5BE4-4C9D-9BC7-A2985D3FB844}
	EndGlobalSection
EndGlobal
