
Microsoft Visual Studio Solution File, Format Version 12.00
# Visual Studio Version 17
VisualStudioVersion = 17.14.36414.22 d17.14
MinimumVisualStudioVersion = 10.0.40219.1
Project("{FAE04EC0-301F-11D3-BF4B-00C04F79EFBC}") = "TuringMachineWPF", "TuringMachineWPF.csproj", "{DC2D3391-D401-46AD-A0D2-F54C28C66C5C}"
EndProject
Global
	GlobalSection(SolutionConfigurationPlatforms) = preSolution
		Debug|Any CPU = Debug|Any CPU
		Release|Any CPU = Release|Any CPU
	EndGlobalSection
	GlobalSection(ProjectConfigurationPlatforms) = postSolution
		{DC2D3391-D401-46AD-A0D2-F54C28C66C5C}.Debug|Any CPU.ActiveCfg = Debug|Any CPU
		{DC2D3391-D401-46AD-A0D2-F54C28C66C5C}.Debug|Any CPU.Build.0 = Debug|Any CPU
		{DC2D3391-D401-46AD-A0D2-F54C28C66C5C}.Release|Any CPU.ActiveCfg = Release|Any CPU
		{DC2D3391-D401-46AD-A0D2-F54C28C66C5C}.Release|Any CPU.Build.0 = Release|Any CPU
	EndGlobalSection
	GlobalSection(SolutionProperties) = preSolution
		HideSolutionNode = FALSE
	EndGlobalSection
	GlobalSection(ExtensibilityGlobals) = postSolution
		SolutionGuid = {7D849D32-9A80-42FB-95C6-52001455EB1A}
	EndGlobalSection
EndGlobal
